
Microsoft Visual Studio Solution File, Format Version 12.00
# Visual Studio Version 17
VisualStudioVersion = 17.14.37111.16 d17.14
MinimumVisualStudioVersion = 10.0.40219.1
Project("{FAE04EC0-301F-11D3-BF4B-00C04F79EFBC}") = "AwesomeGame", "AwesomeGame.csproj", "{DF09B7F0-D659-4881-B564-CA84A01321F1}"
EndProject
Global
	GlobalSection(SolutionConfigurationPlatforms) = preSolution
		Debug|Any CPU = Debug|Any CPU
		Release|Any CPU = Release|Any CPU
	EndGlobalSection
	GlobalSection(ProjectConfigurationPlatforms) = postSolution
		{DF09B7F0-D659-4881-B564-CA84A01321F1}.Debug|Any CPU.ActiveCfg = Debug|Any CPU
		{DF09B7F0-D659-4881-B564-CA84A01321F1}.Debug|Any CPU.Build.0 = Debug|Any CPU
		{DF09B7F0-D659-4881-B564-CA84A01321F1}.Release|Any CPU.ActiveCfg = Release|Any CPU
		{DF09B7F0-D659-4881-B564-CA84A01321F1}.Release|Any CPU.Build.0 = Release|Any CPU
	EndGlobalSection
	GlobalSection(SolutionProperties) = preSolution
		HideSolutionNode = FALSE
	EndGlobalSection
	GlobalSection(ExtensibilityGlobals) = postSolution
		SolutionGuid = {185920FC-6051-451D-B8F5-52C4A93034CA}
	EndGlobalSection
EndGlobal
